<?xml version="1.0" encoding="utf-8"?>
<Project ToolsVersion="4.0" xmlns="http://schemas.microsoft.com/developer/msbuild/2003">
  <ItemGroup>
    <Filter Include="Source Files">
      <UniqueIdentifier>{4FC737F1-C7A5-4376-A066-2A32D752A2FF}</UniqueIdentifier>
      <Extensions>cpp;c;cc;cxx;def;odl;idl;hpj;bat;asm;asmx</Extensions>
    </Filter>
    <Filter Include="Header Files">
      <UniqueIdentifier>{93995380-89BD-4b04-88EB-625FBE52EBFB}</UniqueIdentifier>
      <Extensions>h;hh;hpp;hxx;hm;inl;inc;xsd</Extensions>
    </Filter>
    <Filter Include="Resource Files">
      <UniqueIdentifier>{67DA6AB6-F800-4c08-8B7A-83BB121AAD01}</UniqueIdentifier>
      <Extensions>rc;ico;cur;bmp;dlg;rc2;rct;bin;rgs;gif;jpg;jpeg;jpe;resx;tiff;tif;png;wav</Extensions>
    </Filter>
  </ItemGroup>
  <ItemGroup>
    <ClCompile Include="dp\dp\ChildFrm.cpp">
      <Filter>Source Files</Filter>
    </ClCompile>
    <ClCompile Include="dp\dp\Class.cpp">
      <Filter>Source Files</Filter>
    </ClCompile>
    <ClCompile Include="dp\dp\ClassDlg.cpp">
      <Filter>Source Files</Filter>
    </ClCompile>
    <ClCompile Include="dp\dp\ClassView.cpp">
      <Filter>Source Files</Filter>
    </ClCompile>
    <ClCompile Include="dp\dp\LeftView.cpp">
      <Filter>Source Files</Filter>
    </ClCompile>
    <ClCompile Include="dp\dp\MainFrm.cpp">
      <Filter>Source Files</Filter>
    </ClCompile>
    <ClCompile Include="dp\dp\Module.cpp">
      <Filter>Source Files</Filter>
    </ClCompile>
    <ClCompile Include="dp\dp\ModulePropertyPage1.cpp">
      <Filter>Source Files</Filter>
    </ClCompile>
    <ClCompile Include="dp\dp\ModulePropertySheet.cpp">
      <Filter>Source Files</Filter>
    </ClCompile>
    <ClCompile Include="dp\dp\OptionDlg.cpp">
      <Filter>Source Files</Filter>
    </ClCompile>
    <ClCompile Include="dp\dp\OutputWnd.cpp">
      <Filter>Source Files</Filter>
    </ClCompile>
    <ClCompile Include="dp\dp\Padf.cpp">
      <Filter>Source Files</Filter>
    </ClCompile>
    <ClCompile Include="dp\dp\PadfPropertyPage1.cpp">
      <Filter>Source Files</Filter>
    </ClCompile>
    <ClCompile Include="dp\dp\PadfPropertySheet.cpp">
      <Filter>Source Files</Filter>
    </ClCompile>
    <ClCompile Include="dp\dp\PropertiesWnd.cpp">
      <Filter>Source Files</Filter>
    </ClCompile>
    <ClCompile Include="dp\dp\stdafx.cpp">
      <Filter>Source Files</Filter>
    </ClCompile>
    <ClCompile Include="dp\dp\Var.cpp">
      <Filter>Source Files</Filter>
    </ClCompile>
    <ClCompile Include="dp\dp\VarDlg.cpp">
      <Filter>Source Files</Filter>
    </ClCompile>
    <ClCompile Include="dp\dp\VarView.cpp">
      <Filter>Source Files</Filter>
    </ClCompile>
    <ClCompile Include="dp\dp\VE.cpp">
      <Filter>Source Files</Filter>
    </ClCompile>
    <ClCompile Include="dp\dp\VEDoc.cpp">
      <Filter>Source Files</Filter>
    </ClCompile>
    <ClCompile Include="dp\dp\VEView.cpp">
      <Filter>Source Files</Filter>
    </ClCompile>
  </ItemGroup>
  <ItemGroup>
    <ClInclude Include="dp\dp\ChildFrm.h">
      <Filter>Header Files</Filter>
    </ClInclude>
    <ClInclude Include="dp\dp\Class.h">
      <Filter>Header Files</Filter>
    </ClInclude>
    <ClInclude Include="dp\dp\ClassDlg.h">
      <Filter>Header Files</Filter>
    </ClInclude>
    <ClInclude Include="dp\dp\ClassView.h">
      <Filter>Header Files</Filter>
    </ClInclude>
    <ClInclude Include="dp\dp\LeftView.h">
      <Filter>Header Files</Filter>
    </ClInclude>
    <ClInclude Include="dp\dp\MainFrm.h">
      <Filter>Header Files</Filter>
    </ClInclude>
    <ClInclude Include="dp\dp\Module.h">
      <Filter>Header Files</Filter>
    </ClInclude>
    <ClInclude Include="dp\dp\ModulePropertyPage1.h">
      <Filter>Header Files</Filter>
    </ClInclude>
    <ClInclude Include="dp\dp\ModulePropertySheet.h">
      <Filter>Header Files</Filter>
    </ClInclude>
    <ClInclude Include="dp\dp\OptionDlg.h">
      <Filter>Header Files</Filter>
    </ClInclude>
    <ClInclude Include="dp\dp\OutputWnd.h">
      <Filter>Header Files</Filter>
    </ClInclude>
    <ClInclude Include="dp\dp\Padf.h">
      <Filter>Header Files</Filter>
    </ClInclude>
    <ClInclude Include="dp\dp\PadfPropertyPage1.h">
      <Filter>Header Files</Filter>
    </ClInclude>
    <ClInclude Include="dp\dp\PadfPropertySheet.h">
      <Filter>Header Files</Filter>
    </ClInclude>
    <ClInclude Include="dp\dp\PropertiesWnd.h">
      <Filter>Header Files</Filter>
    </ClInclude>
    <ClInclude Include="dp\dp\Resource.h">
      <Filter>Header Files</Filter>
    </ClInclude>
    <ClInclude Include="dp\dp\stdafx.h">
      <Filter>Header Files</Filter>
    </ClInclude>
    <ClInclude Include="dp\dp\targetver.h">
      <Filter>Header Files</Filter>
    </ClInclude>
    <ClInclude Include="dp\dp\Var.h">
      <Filter>Header Files</Filter>
    </ClInclude>
    <ClInclude Include="dp\dp\VarDlg.h">
      <Filter>Header Files</Filter>
    </ClInclude>
    <ClInclude Include="dp\dp\VarView.h">
      <Filter>Header Files</Filter>
    </ClInclude>
    <ClInclude Include="dp\dp\VE.h">
      <Filter>Header Files</Filter>
    </ClInclude>
    <ClInclude Include="dp\dp\VEDoc.h">
      <Filter>Header Files</Filter>
    </ClInclude>
    <ClInclude Include="dp\dp\VEView.h">
      <Filter>Header Files</Filter>
    </ClInclude>
  </ItemGroup>
  <ItemGroup>
    <ResourceCompile Include="dp\dp\VE.rc">
      <Filter>Resource Files</Filter>
    </ResourceCompile>
  </ItemGroup>
  <ItemGroup>
    <None Include="dp\dp\res\VE.rc2">
      <Filter>Resource Files</Filter>
    </None>
  </ItemGroup>
</Project>